{
  "name": "nandart-3d",
  "version": "1.0.0",
  "lockfileVersion": 3,
  "requires": true,
  "packages": {
    "": {
      "name": "nandart-3d",
      "version": "1.0.0",
      "license": "ISC",
      "dependencies": {
        "ethers": "^6.9.0",
        "three": "^0.161.0"
      },
      "devDependencies": {
        "vite": "^5.0.0"
      }
    },
    "node_modules/ethers": {
      "version": "6.9.0",
      "resolved": "https://registry.npmjs.org/ethers/-/ethers-6.9.0.tgz",
      "integrity": "sha512-kbOKJDxulhBShSYcA1UvguUHFyOgVmIM3fC2EZASB2Z5uDJZbg2UtBViNvSTLNCv7CFk1gRzE4A0Y7+KtAvazw==",
      "engines": {
        "node": ">=14.0.0"
      }
    },
    "node_modules/three": {
      "version": "0.161.0",
      "resolved": "https://registry.npmjs.org/three/-/three-0.161.0.tgz",
      "integrity": "sha512-TdrIoL23WQv0UFRLFoKE/8UQKeKoHaAEfS2SuNH9YHtqHZVuO2vv+etNrx40yxXLn4TFeKhGczX88uJ7KrhV2Q=="
    },
    "node_modules/vite": {
      "version": "5.0.10",
      "resolved": "https://registry.npmjs.org/vite/-/vite-5.0.10.tgz",
      "integrity": "sha512-0EJPgDyzMIXAlspJ6E9AHw1S/dGE9UdBQklXJ7zdjC97oyL3b+iCNaxqSdfzR3TggrZjLdiOKBP2Z2oYvzz9Pg==",
      "dev": true,
      "engines": {
        "node": ">=18.0.0"
      }
    }
  },
  "dependencies": {
    "ethers": {
      "version": "6.9.0",
      "resolved": "https://registry.npmjs.org/ethers/-/ethers-6.9.0.tgz",
      "integrity": "sha512-kbOKJDxulhBShSYcA1UvguUHFyOgVmIM3fC2EZASB2Z5uDJZbg2UtBViNvSTLNCv7CFk1gRzE4A0Y7+KtAvazw=="
    },
    "three": {
      "version": "0.161.0",
      "resolved": "https://registry.npmjs.org/three/-/three-0.161.0.tgz",
      "integrity": "sha512-TdrIoL23WQv0UFRLFoKE/8UQKeKoHaAEfS2SuNH9YHtqHZVuO2vv+etNrx40yxXLn4TFeKhGczX88uJ7KrhV2Q=="
    }
  },
  "devDependencies": {
    "vite": {
      "version": "5.0.10",
      "resolved": "https://registry.npmjs.org/vite/-/vite-5.0.10.tgz",
      "integrity": "sha512-0EJPgDyzMIXAlspJ6E9AHw1S/dGE9UdBQklXJ7zdjC97oyL3b+iCNaxqSdfzR3TggrZjLdiOKBP2Z2oYvzz9Pg=="
    }
  }
}
